
Microsoft Visual Studio Solution File, Format Version 12.00
# Visual Studio Version 17
VisualStudioVersion = 17.0.31903.59
MinimumVisualStudioVersion = 10.0.40219.1
Project("{FAE04EC0-301F-11D3-BF4B-00C04F79EFBC}") = "API", "API\API.csproj", "{98DB801D-61B2-4A75-976B-FE745AF5CC09}"
EndProject
Global
	GlobalSection(SolutionConfigurationPlatforms) = preSolution
		Debug|Any CPU = Debug|Any CPU
		Release|Any CPU = Release|Any CPU
	EndGlobalSection
	GlobalSection(ProjectConfigurationPlatforms) = postSolution
		{98DB801D-61B2-4A75-976B-FE745AF5CC09}.Debug|Any CPU.ActiveCfg = Debug|Any CPU
		{98DB801D-61B2-4A75-976B-FE745AF5CC09}.Debug|Any CPU.Build.0 = Debug|Any CPU
		{98DB801D-61B2-4A75-976B-FE745AF5CC09}.Release|Any CPU.ActiveCfg = Release|Any CPU
		{98DB801D-61B2-4A75-976B-FE745AF5CC09}.Release|Any CPU.Build.0 = Release|Any CPU
	EndGlobalSection
	GlobalSection(SolutionProperties) = preSolution
		HideSolutionNode = FALSE
	EndGlobalSection
	GlobalSection(ExtensibilityGlobals) = postSolution
		SolutionGuid = {C0C57E26-0F62-4A5E-93CC-2CAEAFB47908}
	EndGlobalSection
EndGlobal
